
Microsoft Visual Studio Solution File, Format Version 12.00
# Visual Studio Version 17
VisualStudioVersion = 17.0.31903.59
MinimumVisualStudioVersion = 10.0.40219.1
Project("{FAE04EC0-301F-11D3-BF4B-00C04F79EFBC}") = "ConsoleApp2", "ConsoleApp2\ConsoleApp2.csproj", "{E7EDD289-B8CA-4DBF-87B4-49D098AD7BF2}"
EndProject
Global
	GlobalSection(SolutionConfigurationPlatforms) = preSolution
		Debug|Any CPU = Debug|Any CPU
		Release|Any CPU = Release|Any CPU
	EndGlobalSection
	GlobalSection(ProjectConfigurationPlatforms) = postSolution
		{E7EDD289-B8CA-4DBF-87B4-49D098AD7BF2}.Debug|Any CPU.ActiveCfg = Debug|Any CPU
		{E7EDD289-B8CA-4DBF-87B4-49D098AD7BF2}.Debug|Any CPU.Build.0 = Debug|Any CPU
		{E7EDD289-B8CA-4DBF-87B4-49D098AD7BF2}.Release|Any CPU.ActiveCfg = Release|Any CPU
		{E7EDD289-B8CA-4DBF-87B4-49D098AD7BF2}.Release|Any CPU.Build.0 = Release|Any CPU
	EndGlobalSection
	GlobalSection(SolutionProperties) = preSolution
		HideSolutionNode = FALSE
	EndGlobalSection
	GlobalSection(ExtensibilityGlobals) = postSolution
		SolutionGuid = {DC1CB4D9-8C15-440D-8169-E210A98CE4EC}
	EndGlobalSection
EndGlobal
