
Microsoft Visual Studio Solution File, Format Version 12.00
# Visual Studio Version 17
VisualStudioVersion = 17.0.31903.59
MinimumVisualStudioVersion = 10.0.40219.1
Project("{FAE04EC0-301F-11D3-BF4B-00C04F79EFBC}") = "BuiltInMethods", "BuiltInMethods\BuiltInMethods.csproj", "{3E34BA48-09A3-4121-8054-CE9B4D1A414F}"
EndProject
Global
	GlobalSection(SolutionConfigurationPlatforms) = preSolution
		Debug|Any CPU = Debug|Any CPU
		Release|Any CPU = Release|Any CPU
	EndGlobalSection
	GlobalSection(ProjectConfigurationPlatforms) = postSolution
		{3E34BA48-09A3-4121-8054-CE9B4D1A414F}.Debug|Any CPU.ActiveCfg = Debug|Any CPU
		{3E34BA48-09A3-4121-8054-CE9B4D1A414F}.Debug|Any CPU.Build.0 = Debug|Any CPU
		{3E34BA48-09A3-4121-8054-CE9B4D1A414F}.Release|Any CPU.ActiveCfg = Release|Any CPU
		{3E34BA48-09A3-4121-8054-CE9B4D1A414F}.Release|Any CPU.Build.0 = Release|Any CPU
	EndGlobalSection
	GlobalSection(SolutionProperties) = preSolution
		HideSolutionNode = FALSE
	EndGlobalSection
	GlobalSection(ExtensibilityGlobals) = postSolution
		SolutionGuid = {1E3D6379-0F5C-426D-A1EA-9916EF29D92D}
	EndGlobalSection
EndGlobal
