
Microsoft Visual Studio Solution File, Format Version 12.00
# Visual Studio Version 17
VisualStudioVersion = 17.0.31903.59
MinimumVisualStudioVersion = 10.0.40219.1
Project("{FAE04EC0-301F-11D3-BF4B-00C04F79EFBC}") = "HomeWork1Week", "HomeWork1Week\HomeWork1Week.csproj", "{6E8DDA79-735E-4491-AE0B-50B40A53A6AA}"
EndProject
Global
	GlobalSection(SolutionConfigurationPlatforms) = preSolution
		Debug|Any CPU = Debug|Any CPU
		Release|Any CPU = Release|Any CPU
	EndGlobalSection
	GlobalSection(ProjectConfigurationPlatforms) = postSolution
		{6E8DDA79-735E-4491-AE0B-50B40A53A6AA}.Debug|Any CPU.ActiveCfg = Debug|Any CPU
		{6E8DDA79-735E-4491-AE0B-50B40A53A6AA}.Debug|Any CPU.Build.0 = Debug|Any CPU
		{6E8DDA79-735E-4491-AE0B-50B40A53A6AA}.Release|Any CPU.ActiveCfg = Release|Any CPU
		{6E8DDA79-735E-4491-AE0B-50B40A53A6AA}.Release|Any CPU.Build.0 = Release|Any CPU
	EndGlobalSection
	GlobalSection(SolutionProperties) = preSolution
		HideSolutionNode = FALSE
	EndGlobalSection
	GlobalSection(ExtensibilityGlobals) = postSolution
		SolutionGuid = {766C016F-89EF-43E0-A356-BC861D4A1AA6}
	EndGlobalSection
EndGlobal
